// !$*UTF8*$!
{
	archiveVersion = 1;
	classes = {
	};
	objectVersion = 48;
	objects = {

/* Begin PBXBuildFile section */
		06D393C240317DA9172EAA16 /* Pods_GHMoyaNetWorkTest.framework in Frameworks */ = {isa = PBXBuildFile; fileRef = 5B23A66C7079CAC3611D74EE /* Pods_GHMoyaNetWorkTest.framework */; };
		213A44E0238A651800E41B05 /* APIProvider.swift in Sources */ = {isa = PBXBuildFile; fileRef = 213A44DF238A651800E41B05 /* APIProvider.swift */; };
		213A44E2238A673400E41B05 /* MomentsAPI.swift in Sources */ = {isa = PBXBuildFile; fileRef = 213A44E1238A673400E41B05 /* MomentsAPI.swift */; };
		213A44E4238A684D00E41B05 /* MomentsProvider.swift in Sources */ = {isa = PBXBuildFile; fileRef = 213A44E3238A684D00E41B05 /* MomentsProvider.swift */; };
		246D441320725185009D7A89 /* GHItem.swift in Sources */ = {isa = PBXBuildFile; fileRef = 246D441220725185009D7A89 /* GHItem.swift */; };
		246D441520726DC9009D7A89 /* NetworkManager.swift in Sources */ = {isa = PBXBuildFile; fileRef = 246D441420726DC9009D7A89 /* NetworkManager.swift */; };
		246D441820734E82009D7A89 /* MoyaConfig.swift in Sources */ = {isa = PBXBuildFile; fileRef = 246D441720734E82009D7A89 /* MoyaConfig.swift */; };
		24817482206E171300285D43 /* AppDelegate.swift in Sources */ = {isa = PBXBuildFile; fileRef = 24817481206E171300285D43 /* AppDelegate.swift */; };
		24817484206E171300285D43 /* ViewController.swift in Sources */ = {isa = PBXBuildFile; fileRef = 24817483206E171300285D43 /* ViewController.swift */; };
		24817487206E171300285D43 /* Main.storyboard in Resources */ = {isa = PBXBuildFile; fileRef = 24817485206E171300285D43 /* Main.storyboard */; };
		24817489206E171300285D43 /* Assets.xcassets in Resources */ = {isa = PBXBuildFile; fileRef = 24817488206E171300285D43 /* Assets.xcassets */; };
		2481748C206E171300285D43 /* LaunchScreen.storyboard in Resources */ = {isa = PBXBuildFile; fileRef = 2481748A206E171300285D43 /* LaunchScreen.storyboard */; };
		24817494206E375700285D43 /* API.swift in Sources */ = {isa = PBXBuildFile; fileRef = 24817493206E375700285D43 /* API.swift */; };
		D522A9C7251345240041684C /* APILogin.swift in Sources */ = {isa = PBXBuildFile; fileRef = D522A9C6251345240041684C /* APILogin.swift */; };
		D522A9C9251345340041684C /* APIUser.swift in Sources */ = {isa = PBXBuildFile; fileRef = D522A9C8251345340041684C /* APIUser.swift */; };
		D522A9CB251345930041684C /* APIShops.swift in Sources */ = {isa = PBXBuildFile; fileRef = D522A9CA251345930041684C /* APIShops.swift */; };
/* End PBXBuildFile section */

/* Begin PBXFileReference section */
		213A44DF238A651800E41B05 /* APIProvider.swift */ = {isa = PBXFileReference; lastKnownFileType = sourcecode.swift; path = APIProvider.swift; sourceTree = "<group>"; };
		213A44E1238A673400E41B05 /* MomentsAPI.swift */ = {isa = PBXFileReference; lastKnownFileType = sourcecode.swift; path = MomentsAPI.swift; sourceTree = "<group>"; };
		213A44E3238A684D00E41B05 /* MomentsProvider.swift */ = {isa = PBXFileReference; lastKnownFileType = sourcecode.swift; path = MomentsProvider.swift; sourceTree = "<group>"; };
		246D441220725185009D7A89 /* GHItem.swift */ = {isa = PBXFileReference; fileEncoding = 4; lastKnownFileType = sourcecode.swift; path = GHItem.swift; sourceTree = "<group>"; };
		246D441420726DC9009D7A89 /* NetworkManager.swift */ = {isa = PBXFileReference; lastKnownFileType = sourcecode.swift; path = NetworkManager.swift; sourceTree = "<group>"; };
		246D441720734E82009D7A89 /* MoyaConfig.swift */ = {isa = PBXFileReference; lastKnownFileType = sourcecode.swift; path = MoyaConfig.swift; sourceTree = "<group>"; };
		2481747E206E171300285D43 /* GHMoyaNetWorkTest.app */ = {isa = PBXFileReference; explicitFileType = wrapper.application; includeInIndex = 0; path = GHMoyaNetWorkTest.app; sourceTree = BUILT_PRODUCTS_DIR; };
		24817481206E171300285D43 /* AppDelegate.swift */ = {isa = PBXFileReference; lastKnownFileType = sourcecode.swift; path = AppDelegate.swift; sourceTree = "<group>"; };
		24817483206E171300285D43 /* ViewController.swift */ = {isa = PBXFileReference; lastKnownFileType = sourcecode.swift; path = ViewController.swift; sourceTree = "<group>"; };
		24817486206E171300285D43 /* Base */ = {isa = PBXFileReference; lastKnownFileType = file.storyboard; name = Base; path = Base.lproj/Main.storyboard; sourceTree = "<group>"; };
		24817488206E171300285D43 /* Assets.xcassets */ = {isa = PBXFileReference; lastKnownFileType = folder.assetcatalog; path = Assets.xcassets; sourceTree = "<group>"; };
		2481748B206E171300285D43 /* Base */ = {isa = PBXFileReference; lastKnownFileType = file.storyboard; name = Base; path = Base.lproj/LaunchScreen.storyboard; sourceTree = "<group>"; };
		2481748D206E171300285D43 /* Info.plist */ = {isa = PBXFileReference; lastKnownFileType = text.plist.xml; path = Info.plist; sourceTree = "<group>"; };
		24817493206E375700285D43 /* API.swift */ = {isa = PBXFileReference; lastKnownFileType = sourcecode.swift; path = API.swift; sourceTree = "<group>"; };
		32B58BA1D36A949646522BD5 /* Pods-GHMoyaNetWorkTest.debug.xcconfig */ = {isa = PBXFileReference; includeInIndex = 1; lastKnownFileType = text.xcconfig; name = "Pods-GHMoyaNetWorkTest.debug.xcconfig"; path = "Pods/Target Support Files/Pods-GHMoyaNetWorkTest/Pods-GHMoyaNetWorkTest.debug.xcconfig"; sourceTree = "<group>"; };
		3608A9B2F8A8E39614C14E3D /* Pods-GHMoyaNetWorkTest.release.xcconfig */ = {isa = PBXFileReference; includeInIndex = 1; lastKnownFileType = text.xcconfig; name = "Pods-GHMoyaNetWorkTest.release.xcconfig"; path = "Pods/Target Support Files/Pods-GHMoyaNetWorkTest/Pods-GHMoyaNetWorkTest.release.xcconfig"; sourceTree = "<group>"; };
		5B23A66C7079CAC3611D74EE /* Pods_GHMoyaNetWorkTest.framework */ = {isa = PBXFileReference; explicitFileType = wrapper.framework; includeInIndex = 0; path = Pods_GHMoyaNetWorkTest.framework; sourceTree = BUILT_PRODUCTS_DIR; };
		D522A9C6251345240041684C /* APILogin.swift */ = {isa = PBXFileReference; lastKnownFileType = sourcecode.swift; path = APILogin.swift; sourceTree = "<group>"; };
		D522A9C8251345340041684C /* APIUser.swift */ = {isa = PBXFileReference; lastKnownFileType = sourcecode.swift; path = APIUser.swift; sourceTree = "<group>"; };
		D522A9CA251345930041684C /* APIShops.swift */ = {isa = PBXFileReference; lastKnownFileType = sourcecode.swift; path = APIShops.swift; sourceTree = "<group>"; };
/* End PBXFileReference section */

/* Begin PBXFrameworksBuildPhase section */
		2481747B206E171300285D43 /* Frameworks */ = {
			isa = PBXFrameworksBuildPhase;
			buildActionMask = 2147483647;
			files = (
				06D393C240317DA9172EAA16 /* Pods_GHMoyaNetWorkTest.framework in Frameworks */,
			);
			runOnlyForDeploymentPostprocessing = 0;
		};
/* End PBXFrameworksBuildPhase section */

/* Begin PBXGroup section */
		213A44DE238A650B00E41B05 /* Router2(了解一下就行：另外一种封装思路) */ = {
			isa = PBXGroup;
			children = (
				213A44DF238A651800E41B05 /* APIProvider.swift */,
				213A44E1238A673400E41B05 /* MomentsAPI.swift */,
				213A44E3238A684D00E41B05 /* MomentsProvider.swift */,
			);
			path = "Router2(了解一下就行：另外一种封装思路)";
			sourceTree = "<group>";
		};
		246D441620734E56009D7A89 /* Router(懒人版) API.swift文件做DEMO展示用 */ = {
			isa = PBXGroup;
			children = (
				24817493206E375700285D43 /* API.swift */,
				246D441420726DC9009D7A89 /* NetworkManager.swift */,
				246D441720734E82009D7A89 /* MoyaConfig.swift */,
			);
			path = "Router(懒人版) API.swift文件做DEMO展示用";
			sourceTree = "<group>";
		};
		24817475206E171200285D43 = {
			isa = PBXGroup;
			children = (
				24817480206E171300285D43 /* GHMoyaNetWorkTest */,
				2481747F206E171300285D43 /* Products */,
				43F68EEB27A4CC0A75F29D72 /* Pods */,
				94FC196C5C1281EF99F602AD /* Frameworks */,
			);
			sourceTree = "<group>";
		};
		2481747F206E171300285D43 /* Products */ = {
			isa = PBXGroup;
			children = (
				2481747E206E171300285D43 /* GHMoyaNetWorkTest.app */,
			);
			name = Products;
			sourceTree = "<group>";
		};
		24817480206E171300285D43 /* GHMoyaNetWorkTest */ = {
			isa = PBXGroup;
			children = (
				D522A9C5251344F20041684C /* 多业务模块的拆分(业务量大后使用这个) */,
				213A44DE238A650B00E41B05 /* Router2(了解一下就行：另外一种封装思路) */,
				246D441620734E56009D7A89 /* Router(懒人版) API.swift文件做DEMO展示用 */,
				24817481206E171300285D43 /* AppDelegate.swift */,
				246D441220725185009D7A89 /* GHItem.swift */,
				24817483206E171300285D43 /* ViewController.swift */,
				24817485206E171300285D43 /* Main.storyboard */,
				24817488206E171300285D43 /* Assets.xcassets */,
				2481748A206E171300285D43 /* LaunchScreen.storyboard */,
				2481748D206E171300285D43 /* Info.plist */,
			);
			path = GHMoyaNetWorkTest;
			sourceTree = "<group>";
		};
		43F68EEB27A4CC0A75F29D72 /* Pods */ = {
			isa = PBXGroup;
			children = (
				32B58BA1D36A949646522BD5 /* Pods-GHMoyaNetWorkTest.debug.xcconfig */,
				3608A9B2F8A8E39614C14E3D /* Pods-GHMoyaNetWorkTest.release.xcconfig */,
			);
			name = Pods;
			sourceTree = "<group>";
		};
		94FC196C5C1281EF99F602AD /* Frameworks */ = {
			isa = PBXGroup;
			children = (
				5B23A66C7079CAC3611D74EE /* Pods_GHMoyaNetWorkTest.framework */,
			);
			name = Frameworks;
			sourceTree = "<group>";
		};
		D522A9C5251344F20041684C /* 多业务模块的拆分(业务量大后使用这个) */ = {
			isa = PBXGroup;
			children = (
				D522A9C6251345240041684C /* APILogin.swift */,
				D522A9C8251345340041684C /* APIUser.swift */,
				D522A9CA251345930041684C /* APIShops.swift */,
			);
			path = "多业务模块的拆分(业务量大后使用这个)";
			sourceTree = "<group>";
		};
/* End PBXGroup section */

/* Begin PBXNativeTarget section */
		2481747D206E171300285D43 /* GHMoyaNetWorkTest */ = {
			isa = PBXNativeTarget;
			buildConfigurationList = 24817490206E171300285D43 /* Build configuration list for PBXNativeTarget "GHMoyaNetWorkTest" */;
			buildPhases = (
				1C32ACF31F791CBBDF55994B /* [CP] Check Pods Manifest.lock */,
				2481747A206E171300285D43 /* Sources */,
				2481747B206E171300285D43 /* Frameworks */,
				2481747C206E171300285D43 /* Resources */,
				81D9674D059067D012BB6EB7 /* [CP] Embed Pods Frameworks */,
			);
			buildRules = (
			);
			dependencies = (
			);
			name = GHMoyaNetWorkTest;
			productName = GHMoyaNetWorkTest;
			productReference = 2481747E206E171300285D43 /* GHMoyaNetWorkTest.app */;
			productType = "com.apple.product-type.application";
		};
/* End PBXNativeTarget section */

/* Begin PBXProject section */
		24817476206E171200285D43 /* Project object */ = {
			isa = PBXProject;
			attributes = {
				LastSwiftUpdateCheck = 0920;
				LastUpgradeCheck = 0930;
				ORGANIZATIONNAME = liaoworking;
				TargetAttributes = {
					2481747D206E171300285D43 = {
						CreatedOnToolsVersion = 9.2;
						ProvisioningStyle = Automatic;
					};
				};
			};
			buildConfigurationList = 24817479206E171200285D43 /* Build configuration list for PBXProject "GHMoyaNetWorkTest" */;
			compatibilityVersion = "Xcode 8.0";
			developmentRegion = en;
			hasScannedForEncodings = 0;
			knownRegions = (
				en,
				Base,
			);
			mainGroup = 24817475206E171200285D43;
			productRefGroup = 2481747F206E171300285D43 /* Products */;
			projectDirPath = "";
			projectRoot = "";
			targets = (
				2481747D206E171300285D43 /* GHMoyaNetWorkTest */,
			);
		};
/* End PBXProject section */

/* Begin PBXResourcesBuildPhase section */
		2481747C206E171300285D43 /* Resources */ = {
			isa = PBXResourcesBuildPhase;
			buildActionMask = 2147483647;
			files = (
				2481748C206E171300285D43 /* LaunchScreen.storyboard in Resources */,
				24817489206E171300285D43 /* Assets.xcassets in Resources */,
				24817487206E171300285D43 /* Main.storyboard in Resources */,
			);
			runOnlyForDeploymentPostprocessing = 0;
		};
/* End PBXResourcesBuildPhase section */

/* Begin PBXShellScriptBuildPhase section */
		1C32ACF31F791CBBDF55994B /* [CP] Check Pods Manifest.lock */ = {
			isa = PBXShellScriptBuildPhase;
			buildActionMask = 2147483647;
			files = (
			);
			inputPaths = (
				"${PODS_PODFILE_DIR_PATH}/Podfile.lock",
				"${PODS_ROOT}/Manifest.lock",
			);
			name = "[CP] Check Pods Manifest.lock";
			outputPaths = (
				"$(DERIVED_FILE_DIR)/Pods-GHMoyaNetWorkTest-checkManifestLockResult.txt",
			);
			runOnlyForDeploymentPostprocessing = 0;
			shellPath = /bin/sh;
			shellScript = "diff \"${PODS_PODFILE_DIR_PATH}/Podfile.lock\" \"${PODS_ROOT}/Manifest.lock\" > /dev/null\nif [ $? != 0 ] ; then\n    # print error to STDERR\n    echo \"error: The sandbox is not in sync with the Podfile.lock. Run 'pod install' or update your CocoaPods installation.\" >&2\n    exit 1\nfi\n# This output is used by Xcode 'outputs' to avoid re-running this script phase.\necho \"SUCCESS\" > \"${SCRIPT_OUTPUT_FILE_0}\"\n";
			showEnvVarsInLog = 0;
		};
		81D9674D059067D012BB6EB7 /* [CP] Embed Pods Frameworks */ = {
			isa = PBXShellScriptBuildPhase;
			buildActionMask = 2147483647;
			files = (
			);
			inputPaths = (
				"${PODS_ROOT}/Target Support Files/Pods-GHMoyaNetWorkTest/Pods-GHMoyaNetWorkTest-frameworks.sh",
				"${BUILT_PRODUCTS_DIR}/Alamofire/Alamofire.framework",
				"${BUILT_PRODUCTS_DIR}/Moya/Moya.framework",
				"${BUILT_PRODUCTS_DIR}/ObjectMapper/ObjectMapper.framework",
				"${BUILT_PRODUCTS_DIR}/SwiftyJSON/SwiftyJSON.framework",
			);
			name = "[CP] Embed Pods Frameworks";
			outputPaths = (
				"${TARGET_BUILD_DIR}/${FRAMEWORKS_FOLDER_PATH}/Alamofire.framework",
				"${TARGET_BUILD_DIR}/${FRAMEWORKS_FOLDER_PATH}/Moya.framework",
				"${TARGET_BUILD_DIR}/${FRAMEWORKS_FOLDER_PATH}/ObjectMapper.framework",
				"${TARGET_BUILD_DIR}/${FRAMEWORKS_FOLDER_PATH}/SwiftyJSON.framework",
			);
			runOnlyForDeploymentPostprocessing = 0;
			shellPath = /bin/sh;
			shellScript = "\"${PODS_ROOT}/Target Support Files/Pods-GHMoyaNetWorkTest/Pods-GHMoyaNetWorkTest-frameworks.sh\"\n";
			showEnvVarsInLog = 0;
		};
/* End PBXShellScriptBuildPhase section */

/* Begin PBXSourcesBuildPhase section */
		2481747A206E171300285D43 /* Sources */ = {
			isa = PBXSourcesBuildPhase;
			buildActionMask = 2147483647;
			files = (
				213A44E2238A673400E41B05 /* MomentsAPI.swift in Sources */,
				246D441820734E82009D7A89 /* MoyaConfig.swift in Sources */,
				24817484206E171300285D43 /* ViewController.swift in Sources */,
				213A44E0238A651800E41B05 /* APIProvider.swift in Sources */,
				D522A9CB251345930041684C /* APIShops.swift in Sources */,
				24817494206E375700285D43 /* API.swift in Sources */,
				213A44E4238A684D00E41B05 /* MomentsProvider.swift in Sources */,
				D522A9C7251345240041684C /* APILogin.swift in Sources */,
				246D441520726DC9009D7A89 /* NetworkManager.swift in Sources */,
				246D441320725185009D7A89 /* GHItem.swift in Sources */,
				24817482206E171300285D43 /* AppDelegate.swift in Sources */,
				D522A9C9251345340041684C /* APIUser.swift in Sources */,
			);
			runOnlyForDeploymentPostprocessing = 0;
		};
/* End PBXSourcesBuildPhase section */

/* Begin PBXVariantGroup section */
		24817485206E171300285D43 /* Main.storyboard */ = {
			isa = PBXVariantGroup;
			children = (
				24817486206E171300285D43 /* Base */,
			);
			name = Main.storyboard;
			sourceTree = "<group>";
		};
		2481748A206E171300285D43 /* LaunchScreen.storyboard */ = {
			isa = PBXVariantGroup;
			children = (
				2481748B206E171300285D43 /* Base */,
			);
			name = LaunchScreen.storyboard;
			sourceTree = "<group>";
		};
/* End PBXVariantGroup section */

/* Begin XCBuildConfiguration section */
		2481748E206E171300285D43 /* Debug */ = {
			isa = XCBuildConfiguration;
			buildSettings = {
				ALWAYS_SEARCH_USER_PATHS = NO;
				CLANG_ANALYZER_NONNULL = YES;
				CLANG_ANALYZER_NUMBER_OBJECT_CONVERSION = YES_AGGRESSIVE;
				CLANG_CXX_LANGUAGE_STANDARD = "gnu++14";
				CLANG_CXX_LIBRARY = "libc++";
				CLANG_ENABLE_MODULES = YES;
				CLANG_ENABLE_OBJC_ARC = YES;
				CLANG_WARN_BLOCK_CAPTURE_AUTORELEASING = YES;
				CLANG_WARN_BOOL_CONVERSION = YES;
				CLANG_WARN_COMMA = YES;
				CLANG_WARN_CONSTANT_CONVERSION = YES;
				CLANG_WARN_DEPRECATED_OBJC_IMPLEMENTATIONS = YES;
				CLANG_WARN_DIRECT_OBJC_ISA_USAGE = YES_ERROR;
				CLANG_WARN_DOCUMENTATION_COMMENTS = YES;
				CLANG_WARN_EMPTY_BODY = YES;
				CLANG_WARN_ENUM_CONVERSION = YES;
				CLANG_WARN_INFINITE_RECURSION = YES;
				CLANG_WARN_INT_CONVERSION = YES;
				CLANG_WARN_NON_LITERAL_NULL_CONVERSION = YES;
				CLANG_WARN_OBJC_IMPLICIT_RETAIN_SELF = YES;
				CLANG_WARN_OBJC_LITERAL_CONVERSION = YES;
				CLANG_WARN_OBJC_ROOT_CLASS = YES_ERROR;
				CLANG_WARN_RANGE_LOOP_ANALYSIS = YES;
				CLANG_WARN_STRICT_PROTOTYPES = YES;
				CLANG_WARN_SUSPICIOUS_MOVE = YES;
				CLANG_WARN_UNGUARDED_AVAILABILITY = YES_AGGRESSIVE;
				CLANG_WARN_UNREACHABLE_CODE = YES;
				CLANG_WARN__DUPLICATE_METHOD_MATCH = YES;
				CODE_SIGN_IDENTITY = "iPhone Developer";
				COPY_PHASE_STRIP = NO;
				DEBUG_INFORMATION_FORMAT = dwarf;
				ENABLE_STRICT_OBJC_MSGSEND = YES;
				ENABLE_TESTABILITY = YES;
				GCC_C_LANGUAGE_STANDARD = gnu11;
				GCC_DYNAMIC_NO_PIC = NO;
				GCC_NO_COMMON_BLOCKS = YES;
				GCC_OPTIMIZATION_LEVEL = 0;
				GCC_PREPROCESSOR_DEFINITIONS = (
					"DEBUG=1",
					"$(inherited)",
				);
				GCC_WARN_64_TO_32_BIT_CONVERSION = YES;
				GCC_WARN_ABOUT_RETURN_TYPE = YES_ERROR;
				GCC_WARN_UNDECLARED_SELECTOR = YES;
				GCC_WARN_UNINITIALIZED_AUTOS = YES_AGGRESSIVE;
				GCC_WARN_UNUSED_FUNCTION = YES;
				GCC_WARN_UNUSED_VARIABLE = YES;
				IPHONEOS_DEPLOYMENT_TARGET = 11.2;
				MTL_ENABLE_DEBUG_INFO = YES;
				ONLY_ACTIVE_ARCH = YES;
				SDKROOT = iphoneos;
				SWIFT_ACTIVE_COMPILATION_CONDITIONS = DEBUG;
				SWIFT_OPTIMIZATION_LEVEL = "-Onone";
			};
			name = Debug;
		};
		2481748F206E171300285D43 /* Release */ = {
			isa = XCBuildConfiguration;
			buildSettings = {
				ALWAYS_SEARCH_USER_PATHS = NO;
				CLANG_ANALYZER_NONNULL = YES;
				CLANG_ANALYZER_NUMBER_OBJECT_CONVERSION = YES_AGGRESSIVE;
				CLANG_CXX_LANGUAGE_STANDARD = "gnu++14";
				CLANG_CXX_LIBRARY = "libc++";
				CLANG_ENABLE_MODULES = YES;
				CLANG_ENABLE_OBJC_ARC = YES;
				CLANG_WARN_BLOCK_CAPTURE_AUTORELEASING = YES;
				CLANG_WARN_BOOL_CONVERSION = YES;
				CLANG_WARN_COMMA = YES;
				CLANG_WARN_CONSTANT_CONVERSION = YES;
				CLANG_WARN_DEPRECATED_OBJC_IMPLEMENTATIONS = YES;
				CLANG_WARN_DIRECT_OBJC_ISA_USAGE = YES_ERROR;
				CLANG_WARN_DOCUMENTATION_COMMENTS = YES;
				CLANG_WARN_EMPTY_BODY = YES;
				CLANG_WARN_ENUM_CONVERSION = YES;
				CLANG_WARN_INFINITE_RECURSION = YES;
				CLANG_WARN_INT_CONVERSION = YES;
				CLANG_WARN_NON_LITERAL_NULL_CONVERSION = YES;
				CLANG_WARN_OBJC_IMPLICIT_RETAIN_SELF = YES;
				CLANG_WARN_OBJC_LITERAL_CONVERSION = YES;
				CLANG_WARN_OBJC_ROOT_CLASS = YES_ERROR;
				CLANG_WARN_RANGE_LOOP_ANALYSIS = YES;
				CLANG_WARN_STRICT_PROTOTYPES = YES;
				CLANG_WARN_SUSPICIOUS_MOVE = YES;
				CLANG_WARN_UNGUARDED_AVAILABILITY = YES_AGGRESSIVE;
				CLANG_WARN_UNREACHABLE_CODE = YES;
				CLANG_WARN__DUPLICATE_METHOD_MATCH = YES;
				CODE_SIGN_IDENTITY = "iPhone Developer";
				COPY_PHASE_STRIP = NO;
				DEBUG_INFORMATION_FORMAT = "dwarf-with-dsym";
				ENABLE_NS_ASSERTIONS = NO;
				ENABLE_STRICT_OBJC_MSGSEND = YES;
				GCC_C_LANGUAGE_STANDARD = gnu11;
				GCC_NO_COMMON_BLOCKS = YES;
				GCC_WARN_64_TO_32_BIT_CONVERSION = YES;
				GCC_WARN_ABOUT_RETURN_TYPE = YES_ERROR;
				GCC_WARN_UNDECLARED_SELECTOR = YES;
				GCC_WARN_UNINITIALIZED_AUTOS = YES_AGGRESSIVE;
				GCC_WARN_UNUSED_FUNCTION = YES;
				GCC_WARN_UNUSED_VARIABLE = YES;
				IPHONEOS_DEPLOYMENT_TARGET = 11.2;
				MTL_ENABLE_DEBUG_INFO = NO;
				SDKROOT = iphoneos;
				SWIFT_OPTIMIZATION_LEVEL = "-Owholemodule";
				VALIDATE_PRODUCT = YES;
			};
			name = Release;
		};
		24817491206E171300285D43 /* Debug */ = {
			isa = XCBuildConfiguration;
			baseConfigurationReference = 32B58BA1D36A949646522BD5 /* Pods-GHMoyaNetWorkTest.debug.xcconfig */;
			buildSettings = {
				ASSETCATALOG_COMPILER_APPICON_NAME = AppIcon;
				CODE_SIGN_STYLE = Automatic;
				DEVELOPMENT_TEAM = YG9MC8D2BK;
				INFOPLIST_FILE = GHMoyaNetWorkTest/Info.plist;
				IPHONEOS_DEPLOYMENT_TARGET = 13.0;
				LD_RUNPATH_SEARCH_PATHS = "$(inherited) @executable_path/Frameworks";
				PRODUCT_BUNDLE_IDENTIFIER = com.liaoworking.GHMoyaNetWorkTest2;
				PRODUCT_NAME = "$(TARGET_NAME)";
				SWIFT_VERSION = 5.0;
				TARGETED_DEVICE_FAMILY = "1,2";
			};
			name = Debug;
		};
		24817492206E171300285D43 /* Release */ = {
			isa = XCBuildConfiguration;
			baseConfigurationReference = 3608A9B2F8A8E39614C14E3D /* Pods-GHMoyaNetWorkTest.release.xcconfig */;
			buildSettings = {
				ASSETCATALOG_COMPILER_APPICON_NAME = AppIcon;
				CODE_SIGN_STYLE = Automatic;
				DEVELOPMENT_TEAM = YG9MC8D2BK;
				INFOPLIST_FILE = GHMoyaNetWorkTest/Info.plist;
				IPHONEOS_DEPLOYMENT_TARGET = 13.0;
				LD_RUNPATH_SEARCH_PATHS = "$(inherited) @executable_path/Frameworks";
				PRODUCT_BUNDLE_IDENTIFIER = com.liaoworking.GHMoyaNetWorkTest2;
				PRODUCT_NAME = "$(TARGET_NAME)";
				SWIFT_VERSION = 5.0;
				TARGETED_DEVICE_FAMILY = "1,2";
			};
			name = Release;
		};
/* End XCBuildConfiguration section */

/* Begin XCConfigurationList section */
		24817479206E171200285D43 /* Build configuration list for PBXProject "GHMoyaNetWorkTest" */ = {
			isa = XCConfigurationList;
			buildConfigurations = (
				2481748E206E171300285D43 /* Debug */,
				2481748F206E171300285D43 /* Release */,
			);
			defaultConfigurationIsVisible = 0;
			defaultConfigurationName = Release;
		};
		24817490206E171300285D43 /* Build configuration list for PBXNativeTarget "GHMoyaNetWorkTest" */ = {
			isa = XCConfigurationList;
			buildConfigurations = (
				24817491206E171300285D43 /* Debug */,
				24817492206E171300285D43 /* Release */,
			);
			defaultConfigurationIsVisible = 0;
			defaultConfigurationName = Release;
		};
/* End XCConfigurationList section */
	};
	rootObject = 24817476206E171200285D43 /* Project object */;
}
